
Microsoft Visual Studio Solution File, Format Version 12.00
# Visual Studio Version 17
VisualStudioVersion = 17.0.32126.317
MinimumVisualStudioVersion = 10.0.40219.1
Project("{FAE04EC0-301F-11D3-BF4B-00C04F79EFBC}") = "SilverSAMLForger", "SilverSAMLForger\SilverSAMLForger.csproj", "{F2C5EC2F-F3C4-480C-B4ED-5A6F3BD6E323}"
EndProject
Global
	GlobalSection(SolutionConfigurationPlatforms) = preSolution
		Debug|Any CPU = Debug|Any CPU
		Release|Any CPU = Release|Any CPU
	EndGlobalSection
	GlobalSection(ProjectConfigurationPlatforms) = postSolution
		{F2C5EC2F-F3C4-480C-B4ED-5A6F3BD6E323}.Debug|Any CPU.ActiveCfg = Debug|Any CPU
		{F2C5EC2F-F3C4-480C-B4ED-5A6F3BD6E323}.Debug|Any CPU.Build.0 = Debug|Any CPU
		{F2C5EC2F-F3C4-480C-B4ED-5A6F3BD6E323}.Release|Any CPU.ActiveCfg = Release|Any CPU
		{F2C5EC2F-F3C4-480C-B4ED-5A6F3BD6E323}.Release|Any CPU.Build.0 = Release|Any CPU
	EndGlobalSection
	GlobalSection(SolutionProperties) = preSolution
		HideSolutionNode = FALSE
	EndGlobalSection
	GlobalSection(ExtensibilityGlobals) = postSolution
		SolutionGuid = {2BD6B6C3-DD05-464E-8C5D-7DFA66E3FC52}
	EndGlobalSection
EndGlobal
